
Microsoft Visual Studio Solution File, Format Version 12.00
# Visual Studio 15
VisualStudioVersion = 15.0.27428.2037
MinimumVisualStudioVersion = 10.0.40219.1
Project("{FAE04EC0-301F-11D3-BF4B-00C04F79EFBC}") = "WebApplication0425", "WebApplication0425\WebApplication0425.csproj", "{E50ED518-A74B-4ADF-9E75-53B42AB5870D}"
EndProject
Project("{FAE04EC0-301F-11D3-BF4B-00C04F79EFBC}") = "ConsoleApp1", "ConsoleApp1\ConsoleApp1.csproj", "{0F0BC03E-AE2F-4E52-80A1-17723353EA4C}"
EndProject
Project("{FAE04EC0-301F-11D3-BF4B-00C04F79EFBC}") = "WebApplication0430", "WebApplication0430\WebApplication0430.csproj", "{28E3A335-F3DD-4081-9A00-2C0F89FDF1BC}"
EndProject
Project("{FAE04EC0-301F-11D3-BF4B-00C04F79EFBC}") = "WebApplication0503", "WebApplication0503\WebApplication0503.csproj", "{C82D57D9-AD5A-450C-9906-B6F19ACA928D}"
EndProject
Project("{FAE04EC0-301F-11D3-BF4B-00C04F79EFBC}") = "WCF0503", "WCF0503\WCF0503.csproj", "{571078BC-4A9A-4414-80CC-F2EB1A4A749A}"
EndProject
Project("{FAE04EC0-301F-11D3-BF4B-00C04F79EFBC}") = "WebApplication0509", "WebApplication0509\WebApplication0509.csproj", "{7E411F13-A10B-4686-915E-42F0DEEB0558}"
EndProject
Project("{FAE04EC0-301F-11D3-BF4B-00C04F79EFBC}") = "WebApplication0510", "WebApplication0510\WebApplication0510.csproj", "{70862C41-6247-4930-9DF5-CE98D67FAB92}"
EndProject
Project("{FAE04EC0-301F-11D3-BF4B-00C04F79EFBC}") = "WebApplication0524", "WebApplication0524\WebApplication0524.csproj", "{0BEFD87C-5863-4824-BC69-E0AA029241E2}"
EndProject
Project("{FAE04EC0-301F-11D3-BF4B-00C04F79EFBC}") = "ConsoleApp2", "ConsoleApp2\ConsoleApp2.csproj", "{B58BB1FD-30F9-412F-B4E0-79E8FBD29F40}"
EndProject
Project("{FAE04EC0-301F-11D3-BF4B-00C04F79EFBC}") = "WebApi", "WebApi\WebApi.csproj", "{20E05F75-A2AC-4134-A578-EB141259B072}"
EndProject
Project("{FAE04EC0-301F-11D3-BF4B-00C04F79EFBC}") = "WebApplication0604", "WebApplication0604\WebApplication0604.csproj", "{2DA9F430-3C81-426E-B30B-419ABC1E78E3}"
EndProject
Project("{FAE04EC0-301F-11D3-BF4B-00C04F79EFBC}") = "WebApplication0612", "WebApplication0612\WebApplication0612.csproj", "{F8003164-F0A8-4F13-9259-18CE5D0A6499}"
EndProject
Project("{FAE04EC0-301F-11D3-BF4B-00C04F79EFBC}") = "WebApplication0621", "WebApplication0621\WebApplication0621.csproj", "{C07CC722-9424-42D3-8D0C-BB8B64E58D47}"
EndProject
Global
	GlobalSection(SolutionConfigurationPlatforms) = preSolution
		Debug|Any CPU = Debug|Any CPU
		Release|Any CPU = Release|Any CPU
	EndGlobalSection
	GlobalSection(ProjectConfigurationPlatforms) = postSolution
		{E50ED518-A74B-4ADF-9E75-53B42AB5870D}.Debug|Any CPU.ActiveCfg = Debug|Any CPU
		{E50ED518-A74B-4ADF-9E75-53B42AB5870D}.Debug|Any CPU.Build.0 = Debug|Any CPU
		{E50ED518-A74B-4ADF-9E75-53B42AB5870D}.Release|Any CPU.ActiveCfg = Release|Any CPU
		{E50ED518-A74B-4ADF-9E75-53B42AB5870D}.Release|Any CPU.Build.0 = Release|Any CPU
		{0F0BC03E-AE2F-4E52-80A1-17723353EA4C}.Debug|Any CPU.ActiveCfg = Debug|Any CPU
		{0F0BC03E-AE2F-4E52-80A1-17723353EA4C}.Debug|Any CPU.Build.0 = Debug|Any CPU
		{0F0BC03E-AE2F-4E52-80A1-17723353EA4C}.Release|Any CPU.ActiveCfg = Release|Any CPU
		{0F0BC03E-AE2F-4E52-80A1-17723353EA4C}.Release|Any CPU.Build.0 = Release|Any CPU
		{28E3A335-F3DD-4081-9A00-2C0F89FDF1BC}.Debug|Any CPU.ActiveCfg = Debug|Any CPU
		{28E3A335-F3DD-4081-9A00-2C0F89FDF1BC}.Debug|Any CPU.Build.0 = Debug|Any CPU
		{28E3A335-F3DD-4081-9A00-2C0F89FDF1BC}.Release|Any CPU.ActiveCfg = Release|Any CPU
		{28E3A335-F3DD-4081-9A00-2C0F89FDF1BC}.Release|Any CPU.Build.0 = Release|Any CPU
		{C82D57D9-AD5A-450C-9906-B6F19ACA928D}.Debug|Any CPU.ActiveCfg = Debug|Any CPU
		{C82D57D9-AD5A-450C-9906-B6F19ACA928D}.Debug|Any CPU.Build.0 = Debug|Any CPU
		{C82D57D9-AD5A-450C-9906-B6F19ACA928D}.Release|Any CPU.ActiveCfg = Release|Any CPU
		{C82D57D9-AD5A-450C-9906-B6F19ACA928D}.Release|Any CPU.Build.0 = Release|Any CPU
		{571078BC-4A9A-4414-80CC-F2EB1A4A749A}.Debug|Any CPU.ActiveCfg = Debug|Any CPU
		{571078BC-4A9A-4414-80CC-F2EB1A4A749A}.Debug|Any CPU.Build.0 = Debug|Any CPU
		{571078BC-4A9A-4414-80CC-F2EB1A4A749A}.Release|Any CPU.ActiveCfg = Release|Any CPU
		{571078BC-4A9A-4414-80CC-F2EB1A4A749A}.Release|Any CPU.Build.0 = Release|Any CPU
		{7E411F13-A10B-4686-915E-42F0DEEB0558}.Debug|Any CPU.ActiveCfg = Debug|Any CPU
		{7E411F13-A10B-4686-915E-42F0DEEB0558}.Debug|Any CPU.Build.0 = Debug|Any CPU
		{7E411F13-A10B-4686-915E-42F0DEEB0558}.Release|Any CPU.ActiveCfg = Release|Any CPU
		{7E411F13-A10B-4686-915E-42F0DEEB0558}.Release|Any CPU.Build.0 = Release|Any CPU
		{70862C41-6247-4930-9DF5-CE98D67FAB92}.Debug|Any CPU.ActiveCfg = Debug|Any CPU
		{70862C41-6247-4930-9DF5-CE98D67FAB92}.Debug|Any CPU.Build.0 = Debug|Any CPU
		{70862C41-6247-4930-9DF5-CE98D67FAB92}.Release|Any CPU.ActiveCfg = Release|Any CPU
		{70862C41-6247-4930-9DF5-CE98D67FAB92}.Release|Any CPU.Build.0 = Release|Any CPU
		{0BEFD87C-5863-4824-BC69-E0AA029241E2}.Debug|Any CPU.ActiveCfg = Debug|Any CPU
		{0BEFD87C-5863-4824-BC69-E0AA029241E2}.Debug|Any CPU.Build.0 = Debug|Any CPU
		{0BEFD87C-5863-4824-BC69-E0AA029241E2}.Release|Any CPU.ActiveCfg = Release|Any CPU
		{0BEFD87C-5863-4824-BC69-E0AA029241E2}.Release|Any CPU.Build.0 = Release|Any CPU
		{B58BB1FD-30F9-412F-B4E0-79E8FBD29F40}.Debug|Any CPU.ActiveCfg = Debug|Any CPU
		{B58BB1FD-30F9-412F-B4E0-79E8FBD29F40}.Debug|Any CPU.Build.0 = Debug|Any CPU
		{B58BB1FD-30F9-412F-B4E0-79E8FBD29F40}.Release|Any CPU.ActiveCfg = Release|Any CPU
		{B58BB1FD-30F9-412F-B4E0-79E8FBD29F40}.Release|Any CPU.Build.0 = Release|Any CPU
		{20E05F75-A2AC-4134-A578-EB141259B072}.Debug|Any CPU.ActiveCfg = Debug|Any CPU
		{20E05F75-A2AC-4134-A578-EB141259B072}.Debug|Any CPU.Build.0 = Debug|Any CPU
		{20E05F75-A2AC-4134-A578-EB141259B072}.Release|Any CPU.ActiveCfg = Release|Any CPU
		{20E05F75-A2AC-4134-A578-EB141259B072}.Release|Any CPU.Build.0 = Release|Any CPU
		{2DA9F430-3C81-426E-B30B-419ABC1E78E3}.Debug|Any CPU.ActiveCfg = Debug|Any CPU
		{2DA9F430-3C81-426E-B30B-419ABC1E78E3}.Debug|Any CPU.Build.0 = Debug|Any CPU
		{2DA9F430-3C81-426E-B30B-419ABC1E78E3}.Release|Any CPU.ActiveCfg = Release|Any CPU
		{2DA9F430-3C81-426E-B30B-419ABC1E78E3}.Release|Any CPU.Build.0 = Release|Any CPU
		{F8003164-F0A8-4F13-9259-18CE5D0A6499}.Debug|Any CPU.ActiveCfg = Debug|Any CPU
		{F8003164-F0A8-4F13-9259-18CE5D0A6499}.Debug|Any CPU.Build.0 = Debug|Any CPU
		{F8003164-F0A8-4F13-9259-18CE5D0A6499}.Release|Any CPU.ActiveCfg = Release|Any CPU
		{F8003164-F0A8-4F13-9259-18CE5D0A6499}.Release|Any CPU.Build.0 = Release|Any CPU
		{C07CC722-9424-42D3-8D0C-BB8B64E58D47}.Debug|Any CPU.ActiveCfg = Debug|Any CPU
		{C07CC722-9424-42D3-8D0C-BB8B64E58D47}.Debug|Any CPU.Build.0 = Debug|Any CPU
		{C07CC722-9424-42D3-8D0C-BB8B64E58D47}.Release|Any CPU.ActiveCfg = Release|Any CPU
		{C07CC722-9424-42D3-8D0C-BB8B64E58D47}.Release|Any CPU.Build.0 = Release|Any CPU
	EndGlobalSection
	GlobalSection(SolutionProperties) = preSolution
		HideSolutionNode = FALSE
	EndGlobalSection
	GlobalSection(ExtensibilityGlobals) = postSolution
		SolutionGuid = {CAA3FE53-CE35-474A-A396-38C0D14BF17E}
	EndGlobalSection
EndGlobal
