
Microsoft Visual Studio Solution File, Format Version 12.00
# Visual Studio 15
VisualStudioVersion = 15.0.27428.2037
MinimumVisualStudioVersion = 10.0.40219.1
Project("{F184B08F-C81C-45F6-A57F-5ABD9991F28F}") = "VB2", "VB2\VB2.vbproj", "{8E980869-00B9-4D31-82FA-142C17ED42A2}"
EndProject
Project("{F184B08F-C81C-45F6-A57F-5ABD9991F28F}") = "VB1", "VB1\VB1.vbproj", "{A69842A0-C3C2-478C-B5CD-1EF6D9A4EC72}"
EndProject
Global
	GlobalSection(SolutionConfigurationPlatforms) = preSolution
		Debug|Any CPU = Debug|Any CPU
		Release|Any CPU = Release|Any CPU
	EndGlobalSection
	GlobalSection(ProjectConfigurationPlatforms) = postSolution
		{8E980869-00B9-4D31-82FA-142C17ED42A2}.Debug|Any CPU.ActiveCfg = Debug|Any CPU
		{8E980869-00B9-4D31-82FA-142C17ED42A2}.Debug|Any CPU.Build.0 = Debug|Any CPU
		{8E980869-00B9-4D31-82FA-142C17ED42A2}.Release|Any CPU.ActiveCfg = Release|Any CPU
		{8E980869-00B9-4D31-82FA-142C17ED42A2}.Release|Any CPU.Build.0 = Release|Any CPU
		{A69842A0-C3C2-478C-B5CD-1EF6D9A4EC72}.Debug|Any CPU.ActiveCfg = Debug|Any CPU
		{A69842A0-C3C2-478C-B5CD-1EF6D9A4EC72}.Debug|Any CPU.Build.0 = Debug|Any CPU
		{A69842A0-C3C2-478C-B5CD-1EF6D9A4EC72}.Release|Any CPU.ActiveCfg = Release|Any CPU
		{A69842A0-C3C2-478C-B5CD-1EF6D9A4EC72}.Release|Any CPU.Build.0 = Release|Any CPU
	EndGlobalSection
	GlobalSection(SolutionProperties) = preSolution
		HideSolutionNode = FALSE
	EndGlobalSection
	GlobalSection(ExtensibilityGlobals) = postSolution
		SolutionGuid = {1BFA04B2-6D2B-457E-9C79-6D533CEE9DFD}
	EndGlobalSection
EndGlobal
