
Microsoft Visual Studio Solution File, Format Version 12.00
# Visual Studio 15
VisualStudioVersion = 15.0.27428.2043
MinimumVisualStudioVersion = 10.0.40219.1
Project("{FAE04EC0-301F-11D3-BF4B-00C04F79EFBC}") = "MVC0507", "MVC0507\MVC0507.csproj", "{144C19D8-4E71-4B78-9664-C05FDCFA0779}"
EndProject
Global
	GlobalSection(SolutionConfigurationPlatforms) = preSolution
		Debug|Any CPU = Debug|Any CPU
		Release|Any CPU = Release|Any CPU
	EndGlobalSection
	GlobalSection(ProjectConfigurationPlatforms) = postSolution
		{144C19D8-4E71-4B78-9664-C05FDCFA0779}.Debug|Any CPU.ActiveCfg = Debug|Any CPU
		{144C19D8-4E71-4B78-9664-C05FDCFA0779}.Debug|Any CPU.Build.0 = Debug|Any CPU
		{144C19D8-4E71-4B78-9664-C05FDCFA0779}.Release|Any CPU.ActiveCfg = Release|Any CPU
		{144C19D8-4E71-4B78-9664-C05FDCFA0779}.Release|Any CPU.Build.0 = Release|Any CPU
	EndGlobalSection
	GlobalSection(SolutionProperties) = preSolution
		HideSolutionNode = FALSE
	EndGlobalSection
	GlobalSection(ExtensibilityGlobals) = postSolution
		SolutionGuid = {65B2F579-E44C-419E-949D-33A3EEA9B592}
	EndGlobalSection
EndGlobal
